// !$*UTF8*$!
{
	archiveVersion = 1;
	classes = {
	};
	objectVersion = 52;
	objects = {

/* Begin PBXBuildFile section */
		252982EE1C4FD21400281098 /* StoreProtocol.swift in Sources */ = {isa = PBXBuildFile; fileRef = 252982ED1C4FD21400281098 /* StoreProtocol.swift */; };
		259737EA1C2C611600869B8F /* StoreMiddlewareTests.swift in Sources */ = {isa = PBXBuildFile; fileRef = 259737E91C2C611600869B8F /* StoreMiddlewareTests.swift */; };
		259737FD1C2C661100869B8F /* Middleware.swift in Sources */ = {isa = PBXBuildFile; fileRef = 259737FC1C2C661100869B8F /* Middleware.swift */; };
		625E66871C1FF97E0027C288 /* SwiftDux.h in Headers */ = {isa = PBXBuildFile; fileRef = 625E66861C1FF97E0027C288 /* SwiftDux.h */; settings = {ATTRIBUTES = (Public, ); }; };
		625E669F1C1FFA3C0027C288 /* SwiftDux.framework in Frameworks */ = {isa = PBXBuildFile; fileRef = 625E66831C1FF97E0027C288 /* SwiftDux.framework */; };
		625E66BC1C1FFC880027C288 /* Action.swift in Sources */ = {isa = PBXBuildFile; fileRef = 625E66B61C1FFC880027C288 /* Action.swift */; };
		625E66BD1C1FFC880027C288 /* Store.swift in Sources */ = {isa = PBXBuildFile; fileRef = 625E66B71C1FFC880027C288 /* Store.swift */; };
		625E66BE1C1FFC880027C288 /* Reducer.swift in Sources */ = {isa = PBXBuildFile; fileRef = 625E66B81C1FFC880027C288 /* Reducer.swift */; };
		625E66BF1C1FFC880027C288 /* StateProtocol.swift in Sources */ = {isa = PBXBuildFile; fileRef = 625E66B91C1FFC880027C288 /* StateProtocol.swift */; };
		73F39F341D3EE3C300DFFE62 /* StoreActionDispatchTests.swift in Sources */ = {isa = PBXBuildFile; fileRef = 73F39F331D3EE3C300DFFE62 /* StoreActionDispatchTests.swift */; };
		CA0B179F220CF5790059C8C3 /* SwiftDuxTestComponents.h in Headers */ = {isa = PBXBuildFile; fileRef = CA0B179D220CF5790059C8C3 /* SwiftDuxTestComponents.h */; settings = {ATTRIBUTES = (Public, ); }; };
		CA0B17A3220CF7150059C8C3 /* SwiftDuxTestComponents.framework in Frameworks */ = {isa = PBXBuildFile; fileRef = CA0B179B220CF5790059C8C3 /* SwiftDuxTestComponents.framework */; };
		CA0B17A5220CF7440059C8C3 /* XCTestCase+Expectations.swift in Sources */ = {isa = PBXBuildFile; fileRef = CA39F98F220A3FCA006F505A /* XCTestCase+Expectations.swift */; };
		CA2636472204317B0012B60E /* StoreSubscriptionManagementTests.swift in Sources */ = {isa = PBXBuildFile; fileRef = CA2636462204317B0012B60E /* StoreSubscriptionManagementTests.swift */; };
		CA26364A2204D8810012B60E /* OperationQueue+Current.swift in Sources */ = {isa = PBXBuildFile; fileRef = CA2636492204D8810012B60E /* OperationQueue+Current.swift */; };
		CA26364D2204D99B0012B60E /* OperationQueue+CurrentTests.swift in Sources */ = {isa = PBXBuildFile; fileRef = CA26364C2204D99B0012B60E /* OperationQueue+CurrentTests.swift */; };
		CA39F98B22092F42006F505A /* StoreStateSubscriptionTests.swift in Sources */ = {isa = PBXBuildFile; fileRef = CA39F98A22092F42006F505A /* StoreStateSubscriptionTests.swift */; };
		CA39F98E220A0E56006F505A /* StoreSubscriptionNotificationTests.swift in Sources */ = {isa = PBXBuildFile; fileRef = 73F39F371D3EE46A00DFFE62 /* StoreSubscriptionNotificationTests.swift */; };
		CA4BDF772776B1C40078D00D /* EntityLoadBlock.swift in Sources */ = {isa = PBXBuildFile; fileRef = CA5EC9EC245E3E1D007FFE3B /* EntityLoadBlock.swift */; };
		CA4BDF782776B1C40078D00D /* EntityError.swift in Sources */ = {isa = PBXBuildFile; fileRef = CA5ECA01245E42C6007FFE3B /* EntityError.swift */; };
		CA4BDF792776B1C40078D00D /* EquatableError.swift in Sources */ = {isa = PBXBuildFile; fileRef = CA5EC9FF245E4294007FFE3B /* EquatableError.swift */; };
		CA4BDF882776B22D0078D00D /* EntityState.swift in Sources */ = {isa = PBXBuildFile; fileRef = CA5EC9F4245E3E1D007FFE3B /* EntityState.swift */; };
		CA4BDF892776B22D0078D00D /* EntityAction.swift in Sources */ = {isa = PBXBuildFile; fileRef = CA5EC9F5245E3E1D007FFE3B /* EntityAction.swift */; };
		CA4BDF8E2776B2310078D00D /* GuaranteedEntityAction.swift in Sources */ = {isa = PBXBuildFile; fileRef = CA5EC9F2245E3E1D007FFE3B /* GuaranteedEntityAction.swift */; };
		CA4BDF8F2776B2310078D00D /* GuaranteedEntityState.swift in Sources */ = {isa = PBXBuildFile; fileRef = CA5EC9F1245E3E1D007FFE3B /* GuaranteedEntityState.swift */; };
		CA4BDF942776B2340078D00D /* IntermediateStepLoadState.swift in Sources */ = {isa = PBXBuildFile; fileRef = CA5EC9EE245E3E1D007FFE3B /* IntermediateStepLoadState.swift */; };
		CA4BDF952776B2340078D00D /* IntermediateStepLoadAction.swift in Sources */ = {isa = PBXBuildFile; fileRef = CA5EC9EF245E3E1D007FFE3B /* IntermediateStepLoadAction.swift */; };
		CA4BDFA12776B2BE0078D00D /* EntityStateTests.swift in Sources */ = {isa = PBXBuildFile; fileRef = CA5ECA29245E4A43007FFE3B /* EntityStateTests.swift */; };
		CA4BDFA22776B2BE0078D00D /* EntityReducerTests.swift in Sources */ = {isa = PBXBuildFile; fileRef = CA5ECA28245E4A43007FFE3B /* EntityReducerTests.swift */; };
		CA4BDFA82776B2C30078D00D /* GuaranteedEntityReducerTests.swift in Sources */ = {isa = PBXBuildFile; fileRef = CA5ECA2D245E4A43007FFE3B /* GuaranteedEntityReducerTests.swift */; };
		CA4BDFA92776B2C30078D00D /* GuaranteedEntityStateTests.swift in Sources */ = {isa = PBXBuildFile; fileRef = CA5ECA2B245E4A43007FFE3B /* GuaranteedEntityStateTests.swift */; };
		CA4BDFAD2776B2C80078D00D /* IntermediateStepReducerTests.swift in Sources */ = {isa = PBXBuildFile; fileRef = CA5ECA63245E532D007FFE3B /* IntermediateStepReducerTests.swift */; };
		CA4BDFB92776B5AF0078D00D /* Nimble in Frameworks */ = {isa = PBXBuildFile; productRef = CA4BDFB82776B5AF0078D00D /* Nimble */; };
		CA4BDFBC2776B5CA0078D00D /* Quick in Frameworks */ = {isa = PBXBuildFile; productRef = CA4BDFBB2776B5CA0078D00D /* Quick */; };
		CA5ECA4A245E4BE5007FFE3B /* StubAction.swift in Sources */ = {isa = PBXBuildFile; fileRef = CA5ECA40245E4BE5007FFE3B /* StubAction.swift */; };
		CA5ECA4D245E4BE5007FFE3B /* Store+Mock.swift in Sources */ = {isa = PBXBuildFile; fileRef = CA5ECA43245E4BE5007FFE3B /* Store+Mock.swift */; };
		CA5ECA4E245E4BE5007FFE3B /* Subscriber+Mock.swift in Sources */ = {isa = PBXBuildFile; fileRef = CA5ECA44245E4BE5007FFE3B /* Subscriber+Mock.swift */; };
		CA5ECA4F245E4BE5007FFE3B /* TestAppAction.swift in Sources */ = {isa = PBXBuildFile; fileRef = CA5ECA45245E4BE5007FFE3B /* TestAppAction.swift */; };
		CA5ECA50245E4BE5007FFE3B /* StubEntity.swift in Sources */ = {isa = PBXBuildFile; fileRef = CA5ECA46245E4BE5007FFE3B /* StubEntity.swift */; };
		CA5ECA51245E4BE5007FFE3B /* Subscription+Mock.swift in Sources */ = {isa = PBXBuildFile; fileRef = CA5ECA47245E4BE5007FFE3B /* Subscription+Mock.swift */; };
		CA5ECA52245E4BE5007FFE3B /* TestAppState.swift in Sources */ = {isa = PBXBuildFile; fileRef = CA5ECA48245E4BE5007FFE3B /* TestAppState.swift */; };
		CA5F848927E7880300EEF854 /* TestDispatchingStoreProtocol.swift in Sources */ = {isa = PBXBuildFile; fileRef = CA5F848827E7880300EEF854 /* TestDispatchingStoreProtocol.swift */; };
		CA5F848B27E78CFE00EEF854 /* Store+Spy.swift in Sources */ = {isa = PBXBuildFile; fileRef = CA5F848A27E78CFE00EEF854 /* Store+Spy.swift */; };
		CA81828126CF5FB7007152B2 /* MockEntityService.swift in Sources */ = {isa = PBXBuildFile; fileRef = CA5ECA3F245E4BE5007FFE3B /* MockEntityService.swift */; };
		CA81828226CF5FB7007152B2 /* StubGuaranteedEntityState.swift in Sources */ = {isa = PBXBuildFile; fileRef = CA5ECA42245E4BE5007FFE3B /* StubGuaranteedEntityState.swift */; };
		CA81828326CF5FB7007152B2 /* StubError.swift in Sources */ = {isa = PBXBuildFile; fileRef = CA5ECA5A245E4D27007FFE3B /* StubError.swift */; };
		CA81828426CF5FB7007152B2 /* MockThrowingEntityService.swift in Sources */ = {isa = PBXBuildFile; fileRef = CA5ECA41245E4BE5007FFE3B /* MockThrowingEntityService.swift */; };
		CA89B87B22B2C70D00CBECE0 /* EquatableKeyPath.swift in Sources */ = {isa = PBXBuildFile; fileRef = CA89B87A22B2C70D00CBECE0 /* EquatableKeyPath.swift */; };
		CACCF15B221F94730070B8C7 /* SubstateSubscriptionTests.swift in Sources */ = {isa = PBXBuildFile; fileRef = CACCF15A221F94730070B8C7 /* SubstateSubscriptionTests.swift */; };
		CAEE02852223B6ED0017DDE6 /* SubscribableStoreProtocol+Equatable.swift in Sources */ = {isa = PBXBuildFile; fileRef = CAEE02842223B6ED0017DDE6 /* SubscribableStoreProtocol+Equatable.swift */; };
		CAEFD7722215306C00E0166B /* StoreSubscriptionProtocol.swift in Sources */ = {isa = PBXBuildFile; fileRef = CAEFD7712215306C00E0166B /* StoreSubscriptionProtocol.swift */; };
		CAEFD774221533EB00E0166B /* SubstatesSubscription.swift in Sources */ = {isa = PBXBuildFile; fileRef = CAEFD773221533EB00E0166B /* SubstatesSubscription.swift */; };
		CAEFD7762215347E00E0166B /* StoreStateSubscription.swift in Sources */ = {isa = PBXBuildFile; fileRef = CAEFD7752215347E00E0166B /* StoreStateSubscription.swift */; };
		D490BC43203F291800902589 /* StorePerformanceTests.swift in Sources */ = {isa = PBXBuildFile; fileRef = D490BC41203F27E000902589 /* StorePerformanceTests.swift */; };
/* End PBXBuildFile section */

/* Begin PBXContainerItemProxy section */
		625E66A01C1FFA3C0027C288 /* PBXContainerItemProxy */ = {
			isa = PBXContainerItemProxy;
			containerPortal = 625E667A1C1FF97E0027C288 /* Project object */;
			proxyType = 1;
			remoteGlobalIDString = 625E66821C1FF97E0027C288;
			remoteInfo = SwiftDux;
		};
		CA0B17A6220CF8BE0059C8C3 /* PBXContainerItemProxy */ = {
			isa = PBXContainerItemProxy;
			containerPortal = 625E667A1C1FF97E0027C288 /* Project object */;
			proxyType = 1;
			remoteGlobalIDString = 625E66821C1FF97E0027C288;
			remoteInfo = "SwiftDux-iOS";
		};
		CA0B17A8220CF8C80059C8C3 /* PBXContainerItemProxy */ = {
			isa = PBXContainerItemProxy;
			containerPortal = 625E667A1C1FF97E0027C288 /* Project object */;
			proxyType = 1;
			remoteGlobalIDString = CA0B179A220CF5790059C8C3;
			remoteInfo = "SwiftDux-iOSTestComponents";
		};
/* End PBXContainerItemProxy section */

/* Begin PBXFileReference section */
		252982ED1C4FD21400281098 /* StoreProtocol.swift */ = {isa = PBXFileReference; fileEncoding = 4; lastKnownFileType = sourcecode.swift; path = StoreProtocol.swift; sourceTree = "<group>"; };
		259737E91C2C611600869B8F /* StoreMiddlewareTests.swift */ = {isa = PBXFileReference; fileEncoding = 4; lastKnownFileType = sourcecode.swift; path = StoreMiddlewareTests.swift; sourceTree = "<group>"; };
		259737FC1C2C661100869B8F /* Middleware.swift */ = {isa = PBXFileReference; fileEncoding = 4; lastKnownFileType = sourcecode.swift; path = Middleware.swift; sourceTree = "<group>"; };
		625E66831C1FF97E0027C288 /* SwiftDux.framework */ = {isa = PBXFileReference; explicitFileType = wrapper.framework; includeInIndex = 0; path = SwiftDux.framework; sourceTree = BUILT_PRODUCTS_DIR; };
		625E66861C1FF97E0027C288 /* SwiftDux.h */ = {isa = PBXFileReference; lastKnownFileType = sourcecode.c.h; path = SwiftDux.h; sourceTree = "<group>"; };
		625E66881C1FF97E0027C288 /* Info.plist */ = {isa = PBXFileReference; lastKnownFileType = text.plist.xml; path = Info.plist; sourceTree = "<group>"; };
		625E669A1C1FFA3C0027C288 /* SwiftDuxTests.xctest */ = {isa = PBXFileReference; explicitFileType = wrapper.cfbundle; includeInIndex = 0; path = SwiftDuxTests.xctest; sourceTree = BUILT_PRODUCTS_DIR; };
		625E669E1C1FFA3C0027C288 /* Info.plist */ = {isa = PBXFileReference; lastKnownFileType = text.plist.xml; path = Info.plist; sourceTree = "<group>"; };
		625E66B61C1FFC880027C288 /* Action.swift */ = {isa = PBXFileReference; fileEncoding = 4; lastKnownFileType = sourcecode.swift; path = Action.swift; sourceTree = "<group>"; };
		625E66B71C1FFC880027C288 /* Store.swift */ = {isa = PBXFileReference; fileEncoding = 4; lastKnownFileType = sourcecode.swift; path = Store.swift; sourceTree = "<group>"; };
		625E66B81C1FFC880027C288 /* Reducer.swift */ = {isa = PBXFileReference; fileEncoding = 4; lastKnownFileType = sourcecode.swift; path = Reducer.swift; sourceTree = "<group>"; };
		625E66B91C1FFC880027C288 /* StateProtocol.swift */ = {isa = PBXFileReference; fileEncoding = 4; lastKnownFileType = sourcecode.swift; path = StateProtocol.swift; sourceTree = "<group>"; };
		73F39F331D3EE3C300DFFE62 /* StoreActionDispatchTests.swift */ = {isa = PBXFileReference; fileEncoding = 4; lastKnownFileType = sourcecode.swift; path = StoreActionDispatchTests.swift; sourceTree = "<group>"; };
		73F39F371D3EE46A00DFFE62 /* StoreSubscriptionNotificationTests.swift */ = {isa = PBXFileReference; fileEncoding = 4; lastKnownFileType = sourcecode.swift; path = StoreSubscriptionNotificationTests.swift; sourceTree = "<group>"; };
		B5C08F1806830A13C9006A27 /* libPods-SwiftLintIntegration.a */ = {isa = PBXFileReference; explicitFileType = archive.ar; includeInIndex = 0; path = "libPods-SwiftLintIntegration.a"; sourceTree = BUILT_PRODUCTS_DIR; };
		CA0B1784220CE78C0059C8C3 /* XCTest.framework */ = {isa = PBXFileReference; lastKnownFileType = wrapper.framework; name = XCTest.framework; path = Platforms/iPhoneOS.platform/Developer/Library/Frameworks/XCTest.framework; sourceTree = DEVELOPER_DIR; };
		CA0B179B220CF5790059C8C3 /* SwiftDuxTestComponents.framework */ = {isa = PBXFileReference; explicitFileType = wrapper.framework; includeInIndex = 0; path = SwiftDuxTestComponents.framework; sourceTree = BUILT_PRODUCTS_DIR; };
		CA0B179D220CF5790059C8C3 /* SwiftDuxTestComponents.h */ = {isa = PBXFileReference; lastKnownFileType = sourcecode.c.h; path = SwiftDuxTestComponents.h; sourceTree = "<group>"; };
		CA0B179E220CF5790059C8C3 /* Info.plist */ = {isa = PBXFileReference; lastKnownFileType = text.plist.xml; path = Info.plist; sourceTree = "<group>"; };
		CA2636462204317B0012B60E /* StoreSubscriptionManagementTests.swift */ = {isa = PBXFileReference; lastKnownFileType = sourcecode.swift; path = StoreSubscriptionManagementTests.swift; sourceTree = "<group>"; };
		CA2636492204D8810012B60E /* OperationQueue+Current.swift */ = {isa = PBXFileReference; lastKnownFileType = sourcecode.swift; path = "OperationQueue+Current.swift"; sourceTree = "<group>"; };
		CA26364C2204D99B0012B60E /* OperationQueue+CurrentTests.swift */ = {isa = PBXFileReference; lastKnownFileType = sourcecode.swift; path = "OperationQueue+CurrentTests.swift"; sourceTree = "<group>"; };
		CA39F98A22092F42006F505A /* StoreStateSubscriptionTests.swift */ = {isa = PBXFileReference; lastKnownFileType = sourcecode.swift; path = StoreStateSubscriptionTests.swift; sourceTree = "<group>"; };
		CA39F98F220A3FCA006F505A /* XCTestCase+Expectations.swift */ = {isa = PBXFileReference; lastKnownFileType = sourcecode.swift; path = "XCTestCase+Expectations.swift"; sourceTree = "<group>"; };
		CA5EC9EC245E3E1D007FFE3B /* EntityLoadBlock.swift */ = {isa = PBXFileReference; fileEncoding = 4; lastKnownFileType = sourcecode.swift; path = EntityLoadBlock.swift; sourceTree = "<group>"; };
		CA5EC9EE245E3E1D007FFE3B /* IntermediateStepLoadState.swift */ = {isa = PBXFileReference; fileEncoding = 4; lastKnownFileType = sourcecode.swift; path = IntermediateStepLoadState.swift; sourceTree = "<group>"; };
		CA5EC9EF245E3E1D007FFE3B /* IntermediateStepLoadAction.swift */ = {isa = PBXFileReference; fileEncoding = 4; lastKnownFileType = sourcecode.swift; path = IntermediateStepLoadAction.swift; sourceTree = "<group>"; };
		CA5EC9F1245E3E1D007FFE3B /* GuaranteedEntityState.swift */ = {isa = PBXFileReference; fileEncoding = 4; lastKnownFileType = sourcecode.swift; path = GuaranteedEntityState.swift; sourceTree = "<group>"; };
		CA5EC9F2245E3E1D007FFE3B /* GuaranteedEntityAction.swift */ = {isa = PBXFileReference; fileEncoding = 4; lastKnownFileType = sourcecode.swift; path = GuaranteedEntityAction.swift; sourceTree = "<group>"; };
		CA5EC9F4245E3E1D007FFE3B /* EntityState.swift */ = {isa = PBXFileReference; fileEncoding = 4; lastKnownFileType = sourcecode.swift; path = EntityState.swift; sourceTree = "<group>"; };
		CA5EC9F5245E3E1D007FFE3B /* EntityAction.swift */ = {isa = PBXFileReference; fileEncoding = 4; lastKnownFileType = sourcecode.swift; path = EntityAction.swift; sourceTree = "<group>"; };
		CA5EC9FF245E4294007FFE3B /* EquatableError.swift */ = {isa = PBXFileReference; lastKnownFileType = sourcecode.swift; path = EquatableError.swift; sourceTree = "<group>"; };
		CA5ECA01245E42C6007FFE3B /* EntityError.swift */ = {isa = PBXFileReference; lastKnownFileType = sourcecode.swift; path = EntityError.swift; sourceTree = "<group>"; };
		CA5ECA28245E4A43007FFE3B /* EntityReducerTests.swift */ = {isa = PBXFileReference; fileEncoding = 4; lastKnownFileType = sourcecode.swift; path = EntityReducerTests.swift; sourceTree = "<group>"; };
		CA5ECA29245E4A43007FFE3B /* EntityStateTests.swift */ = {isa = PBXFileReference; fileEncoding = 4; lastKnownFileType = sourcecode.swift; path = EntityStateTests.swift; sourceTree = "<group>"; };
		CA5ECA2B245E4A43007FFE3B /* GuaranteedEntityStateTests.swift */ = {isa = PBXFileReference; fileEncoding = 4; lastKnownFileType = sourcecode.swift; path = GuaranteedEntityStateTests.swift; sourceTree = "<group>"; };
		CA5ECA2D245E4A43007FFE3B /* GuaranteedEntityReducerTests.swift */ = {isa = PBXFileReference; fileEncoding = 4; lastKnownFileType = sourcecode.swift; path = GuaranteedEntityReducerTests.swift; sourceTree = "<group>"; };
		CA5ECA3F245E4BE5007FFE3B /* MockEntityService.swift */ = {isa = PBXFileReference; fileEncoding = 4; lastKnownFileType = sourcecode.swift; path = MockEntityService.swift; sourceTree = "<group>"; };
		CA5ECA40245E4BE5007FFE3B /* StubAction.swift */ = {isa = PBXFileReference; fileEncoding = 4; lastKnownFileType = sourcecode.swift; path = StubAction.swift; sourceTree = "<group>"; };
		CA5ECA41245E4BE5007FFE3B /* MockThrowingEntityService.swift */ = {isa = PBXFileReference; fileEncoding = 4; lastKnownFileType = sourcecode.swift; path = MockThrowingEntityService.swift; sourceTree = "<group>"; };
		CA5ECA42245E4BE5007FFE3B /* StubGuaranteedEntityState.swift */ = {isa = PBXFileReference; fileEncoding = 4; lastKnownFileType = sourcecode.swift; path = StubGuaranteedEntityState.swift; sourceTree = "<group>"; };
		CA5ECA43245E4BE5007FFE3B /* Store+Mock.swift */ = {isa = PBXFileReference; fileEncoding = 4; lastKnownFileType = sourcecode.swift; path = "Store+Mock.swift"; sourceTree = "<group>"; };
		CA5ECA44245E4BE5007FFE3B /* Subscriber+Mock.swift */ = {isa = PBXFileReference; fileEncoding = 4; lastKnownFileType = sourcecode.swift; path = "Subscriber+Mock.swift"; sourceTree = "<group>"; };
		CA5ECA45245E4BE5007FFE3B /* TestAppAction.swift */ = {isa = PBXFileReference; fileEncoding = 4; lastKnownFileType = sourcecode.swift; path = TestAppAction.swift; sourceTree = "<group>"; };
		CA5ECA46245E4BE5007FFE3B /* StubEntity.swift */ = {isa = PBXFileReference; fileEncoding = 4; lastKnownFileType = sourcecode.swift; path = StubEntity.swift; sourceTree = "<group>"; };
		CA5ECA47245E4BE5007FFE3B /* Subscription+Mock.swift */ = {isa = PBXFileReference; fileEncoding = 4; lastKnownFileType = sourcecode.swift; path = "Subscription+Mock.swift"; sourceTree = "<group>"; };
		CA5ECA48245E4BE5007FFE3B /* TestAppState.swift */ = {isa = PBXFileReference; fileEncoding = 4; lastKnownFileType = sourcecode.swift; path = TestAppState.swift; sourceTree = "<group>"; };
		CA5ECA5A245E4D27007FFE3B /* StubError.swift */ = {isa = PBXFileReference; lastKnownFileType = sourcecode.swift; path = StubError.swift; sourceTree = "<group>"; };
		CA5ECA63245E532D007FFE3B /* IntermediateStepReducerTests.swift */ = {isa = PBXFileReference; lastKnownFileType = sourcecode.swift; path = IntermediateStepReducerTests.swift; sourceTree = "<group>"; };
		CA5F848827E7880300EEF854 /* TestDispatchingStoreProtocol.swift */ = {isa = PBXFileReference; fileEncoding = 4; lastKnownFileType = sourcecode.swift; path = TestDispatchingStoreProtocol.swift; sourceTree = "<group>"; };
		CA5F848A27E78CFE00EEF854 /* Store+Spy.swift */ = {isa = PBXFileReference; fileEncoding = 4; lastKnownFileType = sourcecode.swift; path = "Store+Spy.swift"; sourceTree = "<group>"; };
		CA89B87A22B2C70D00CBECE0 /* EquatableKeyPath.swift */ = {isa = PBXFileReference; lastKnownFileType = sourcecode.swift; path = EquatableKeyPath.swift; sourceTree = "<group>"; };
		CACCF15A221F94730070B8C7 /* SubstateSubscriptionTests.swift */ = {isa = PBXFileReference; lastKnownFileType = sourcecode.swift; path = SubstateSubscriptionTests.swift; sourceTree = "<group>"; };
		CAEE02842223B6ED0017DDE6 /* SubscribableStoreProtocol+Equatable.swift */ = {isa = PBXFileReference; lastKnownFileType = sourcecode.swift; path = "SubscribableStoreProtocol+Equatable.swift"; sourceTree = "<group>"; };
		CAEFD7712215306C00E0166B /* StoreSubscriptionProtocol.swift */ = {isa = PBXFileReference; fileEncoding = 4; lastKnownFileType = sourcecode.swift; path = StoreSubscriptionProtocol.swift; sourceTree = "<group>"; };
		CAEFD773221533EB00E0166B /* SubstatesSubscription.swift */ = {isa = PBXFileReference; lastKnownFileType = sourcecode.swift; path = SubstatesSubscription.swift; sourceTree = "<group>"; };
		CAEFD7752215347E00E0166B /* StoreStateSubscription.swift */ = {isa = PBXFileReference; lastKnownFileType = sourcecode.swift; path = StoreStateSubscription.swift; sourceTree = "<group>"; };
		D490BC41203F27E000902589 /* StorePerformanceTests.swift */ = {isa = PBXFileReference; lastKnownFileType = sourcecode.swift; path = StorePerformanceTests.swift; sourceTree = "<group>"; };
/* End PBXFileReference section */

/* Begin PBXFrameworksBuildPhase section */
		625E66971C1FFA3C0027C288 /* Frameworks */ = {
			isa = PBXFrameworksBuildPhase;
			buildActionMask = 2147483647;
			files = (
				CA4BDFB92776B5AF0078D00D /* Nimble in Frameworks */,
				625E669F1C1FFA3C0027C288 /* SwiftDux.framework in Frameworks */,
				CA4BDFBC2776B5CA0078D00D /* Quick in Frameworks */,
				CA0B17A3220CF7150059C8C3 /* SwiftDuxTestComponents.framework in Frameworks */,
			);
			runOnlyForDeploymentPostprocessing = 0;
		};
/* End PBXFrameworksBuildPhase section */

/* Begin PBXGroup section */
		625E66791C1FF97E0027C288 = {
			isa = PBXGroup;
			children = (
				625E66851C1FF97E0027C288 /* SwiftDux */,
				CA0B173D220CE3ED0059C8C3 /* SwiftDuxTestComponents */,
				625E669B1C1FFA3C0027C288 /* SwiftDuxTests */,
				625E66841C1FF97E0027C288 /* Products */,
				94839D2BD4CCEE6386BD477E /* Frameworks */,
			);
			sourceTree = "<group>";
		};
		625E66841C1FF97E0027C288 /* Products */ = {
			isa = PBXGroup;
			children = (
				625E66831C1FF97E0027C288 /* SwiftDux.framework */,
				625E669A1C1FFA3C0027C288 /* SwiftDuxTests.xctest */,
				CA0B179B220CF5790059C8C3 /* SwiftDuxTestComponents.framework */,
			);
			name = Products;
			sourceTree = "<group>";
		};
		625E66851C1FF97E0027C288 /* SwiftDux */ = {
			isa = PBXGroup;
			children = (
				625E66B51C1FFC880027C288 /* CoreTypes */,
				CA2636482204D8610012B60E /* Extensions */,
				625E66861C1FF97E0027C288 /* SwiftDux.h */,
				625E66881C1FF97E0027C288 /* Info.plist */,
			);
			path = SwiftDux;
			sourceTree = "<group>";
		};
		625E669B1C1FFA3C0027C288 /* SwiftDuxTests */ = {
			isa = PBXGroup;
			children = (
				CA56F5192220A0C2005DF590 /* CoreTypes */,
				CA26364B2204D9840012B60E /* Extensions */,
				625E669E1C1FFA3C0027C288 /* Info.plist */,
			);
			path = SwiftDuxTests;
			sourceTree = "<group>";
		};
		625E66B51C1FFC880027C288 /* CoreTypes */ = {
			isa = PBXGroup;
			children = (
				CACCF158221F69550070B8C7 /* Store */,
				CACCF159221F695C0070B8C7 /* Subscriptions */,
				625E66B61C1FFC880027C288 /* Action.swift */,
				259737FC1C2C661100869B8F /* Middleware.swift */,
				625E66B81C1FFC880027C288 /* Reducer.swift */,
				625E66B91C1FFC880027C288 /* StateProtocol.swift */,
			);
			path = CoreTypes;
			sourceTree = "<group>";
		};
		94839D2BD4CCEE6386BD477E /* Frameworks */ = {
			isa = PBXGroup;
			children = (
				CA0B1784220CE78C0059C8C3 /* XCTest.framework */,
				B5C08F1806830A13C9006A27 /* libPods-SwiftLintIntegration.a */,
			);
			name = Frameworks;
			sourceTree = "<group>";
		};
		CA0B173D220CE3ED0059C8C3 /* SwiftDuxTestComponents */ = {
			isa = PBXGroup;
			children = (
				CA5ECA53245E4C07007FFE3B /* Components */,
				CA89B87E22B2D8E500CBECE0 /* CoreTypes */,
				CA89B88022B2D8FA00CBECE0 /* Extensions */,
				CA0B179E220CF5790059C8C3 /* Info.plist */,
				CA0B179D220CF5790059C8C3 /* SwiftDuxTestComponents.h */,
			);
			path = SwiftDuxTestComponents;
			sourceTree = "<group>";
		};
		CA2636482204D8610012B60E /* Extensions */ = {
			isa = PBXGroup;
			children = (
				CA5EC9F3245E3E1D007FFE3B /* Entity */,
				CA5EC9F0245E3E1D007FFE3B /* GuaranteedEntity */,
				CA5EC9ED245E3E1D007FFE3B /* IntermediateStep */,
				CA5ECA01245E42C6007FFE3B /* EntityError.swift */,
				CA5EC9FF245E4294007FFE3B /* EquatableError.swift */,
				CA5EC9EC245E3E1D007FFE3B /* EntityLoadBlock.swift */,
				CA2636492204D8810012B60E /* OperationQueue+Current.swift */,
			);
			path = Extensions;
			sourceTree = "<group>";
		};
		CA26364B2204D9840012B60E /* Extensions */ = {
			isa = PBXGroup;
			children = (
				CA5ECA26245E4A43007FFE3B /* Entity */,
				CA5ECA2A245E4A43007FFE3B /* GuaranteedEntity */,
				CA5ECA62245E5319007FFE3B /* IntermediateStep */,
				CA26364C2204D99B0012B60E /* OperationQueue+CurrentTests.swift */,
			);
			path = Extensions;
			sourceTree = "<group>";
		};
		CA56F5192220A0C2005DF590 /* CoreTypes */ = {
			isa = PBXGroup;
			children = (
				CA56F51A2220A0CA005DF590 /* Store */,
				CA56F51B2220A0DD005DF590 /* Subscriptions */,
			);
			path = CoreTypes;
			sourceTree = "<group>";
		};
		CA56F51A2220A0CA005DF590 /* Store */ = {
			isa = PBXGroup;
			children = (
				73F39F331D3EE3C300DFFE62 /* StoreActionDispatchTests.swift */,
				259737E91C2C611600869B8F /* StoreMiddlewareTests.swift */,
				D490BC41203F27E000902589 /* StorePerformanceTests.swift */,
				CA2636462204317B0012B60E /* StoreSubscriptionManagementTests.swift */,
				73F39F371D3EE46A00DFFE62 /* StoreSubscriptionNotificationTests.swift */,
			);
			path = Store;
			sourceTree = "<group>";
		};
		CA56F51B2220A0DD005DF590 /* Subscriptions */ = {
			isa = PBXGroup;
			children = (
				CA39F98A22092F42006F505A /* StoreStateSubscriptionTests.swift */,
				CACCF15A221F94730070B8C7 /* SubstateSubscriptionTests.swift */,
			);
			path = Subscriptions;
			sourceTree = "<group>";
		};
		CA5EC9ED245E3E1D007FFE3B /* IntermediateStep */ = {
			isa = PBXGroup;
			children = (
				CA5EC9EF245E3E1D007FFE3B /* IntermediateStepLoadAction.swift */,
				CA5EC9EE245E3E1D007FFE3B /* IntermediateStepLoadState.swift */,
			);
			path = IntermediateStep;
			sourceTree = "<group>";
		};
		CA5EC9F0245E3E1D007FFE3B /* GuaranteedEntity */ = {
			isa = PBXGroup;
			children = (
				CA5EC9F2245E3E1D007FFE3B /* GuaranteedEntityAction.swift */,
				CA5EC9F1245E3E1D007FFE3B /* GuaranteedEntityState.swift */,
			);
			path = GuaranteedEntity;
			sourceTree = "<group>";
		};
		CA5EC9F3245E3E1D007FFE3B /* Entity */ = {
			isa = PBXGroup;
			children = (
				CA5EC9F5245E3E1D007FFE3B /* EntityAction.swift */,
				CA5EC9F4245E3E1D007FFE3B /* EntityState.swift */,
			);
			path = Entity;
			sourceTree = "<group>";
		};
		CA5ECA26245E4A43007FFE3B /* Entity */ = {
			isa = PBXGroup;
			children = (
				CA5ECA28245E4A43007FFE3B /* EntityReducerTests.swift */,
				CA5ECA29245E4A43007FFE3B /* EntityStateTests.swift */,
			);
			name = Entity;
			path = ../../SwiftDuxExtensionsTests/Tests/Entity;
			sourceTree = "<group>";
		};
		CA5ECA2A245E4A43007FFE3B /* GuaranteedEntity */ = {
			isa = PBXGroup;
			children = (
				CA5ECA2B245E4A43007FFE3B /* GuaranteedEntityStateTests.swift */,
				CA5ECA2D245E4A43007FFE3B /* GuaranteedEntityReducerTests.swift */,
			);
			name = GuaranteedEntity;
			path = ../../SwiftDuxExtensionsTests/Tests/GuaranteedEntity;
			sourceTree = "<group>";
		};
		CA5ECA53245E4C07007FFE3B /* Components */ = {
			isa = PBXGroup;
			children = (
				CA5ECA3F245E4BE5007FFE3B /* MockEntityService.swift */,
				CA5ECA41245E4BE5007FFE3B /* MockThrowingEntityService.swift */,
				CA5ECA42245E4BE5007FFE3B /* StubGuaranteedEntityState.swift */,
				CA5ECA5A245E4D27007FFE3B /* StubError.swift */,
			);
			path = Components;
			sourceTree = "<group>";
		};
		CA5ECA62245E5319007FFE3B /* IntermediateStep */ = {
			isa = PBXGroup;
			children = (
				CA5ECA63245E532D007FFE3B /* IntermediateStepReducerTests.swift */,
			);
			name = IntermediateStep;
			path = ../../SwiftDuxExtensionsTests/Tests/IntermediateStep;
			sourceTree = "<group>";
		};
		CA89B87E22B2D8E500CBECE0 /* CoreTypes */ = {
			isa = PBXGroup;
			children = (
				CA5ECA43245E4BE5007FFE3B /* Store+Mock.swift */,
				CA5F848A27E78CFE00EEF854 /* Store+Spy.swift */,
				CA5ECA40245E4BE5007FFE3B /* StubAction.swift */,
				CA5ECA46245E4BE5007FFE3B /* StubEntity.swift */,
				CA5ECA44245E4BE5007FFE3B /* Subscriber+Mock.swift */,
				CA5ECA47245E4BE5007FFE3B /* Subscription+Mock.swift */,
				CA5ECA45245E4BE5007FFE3B /* TestAppAction.swift */,
				CA5ECA48245E4BE5007FFE3B /* TestAppState.swift */,
				CA5F848827E7880300EEF854 /* TestDispatchingStoreProtocol.swift */,
			);
			path = CoreTypes;
			sourceTree = "<group>";
		};
		CA89B88022B2D8FA00CBECE0 /* Extensions */ = {
			isa = PBXGroup;
			children = (
				CA39F98F220A3FCA006F505A /* XCTestCase+Expectations.swift */,
			);
			path = Extensions;
			sourceTree = "<group>";
		};
		CACCF158221F69550070B8C7 /* Store */ = {
			isa = PBXGroup;
			children = (
				625E66B71C1FFC880027C288 /* Store.swift */,
				252982ED1C4FD21400281098 /* StoreProtocol.swift */,
				CAEE02842223B6ED0017DDE6 /* SubscribableStoreProtocol+Equatable.swift */,
			);
			path = Store;
			sourceTree = "<group>";
		};
		CACCF159221F695C0070B8C7 /* Subscriptions */ = {
			isa = PBXGroup;
			children = (
				CA89B87A22B2C70D00CBECE0 /* EquatableKeyPath.swift */,
				CAEFD7752215347E00E0166B /* StoreStateSubscription.swift */,
				CAEFD7712215306C00E0166B /* StoreSubscriptionProtocol.swift */,
				CAEFD773221533EB00E0166B /* SubstatesSubscription.swift */,
			);
			path = Subscriptions;
			sourceTree = "<group>";
		};
/* End PBXGroup section */

/* Begin PBXHeadersBuildPhase section */
		625E66801C1FF97E0027C288 /* Headers */ = {
			isa = PBXHeadersBuildPhase;
			buildActionMask = 2147483647;
			files = (
				625E66871C1FF97E0027C288 /* SwiftDux.h in Headers */,
			);
			runOnlyForDeploymentPostprocessing = 0;
		};
		CA0B1796220CF5790059C8C3 /* Headers */ = {
			isa = PBXHeadersBuildPhase;
			buildActionMask = 2147483647;
			files = (
				CA0B179F220CF5790059C8C3 /* SwiftDuxTestComponents.h in Headers */,
			);
			runOnlyForDeploymentPostprocessing = 0;
		};
/* End PBXHeadersBuildPhase section */

/* Begin PBXNativeTarget section */
		625E66821C1FF97E0027C288 /* SwiftDux */ = {
			isa = PBXNativeTarget;
			buildConfigurationList = 625E668B1C1FF97E0027C288 /* Build configuration list for PBXNativeTarget "SwiftDux" */;
			buildPhases = (
				625E66801C1FF97E0027C288 /* Headers */,
				625E667E1C1FF97E0027C288 /* Sources */,
			);
			buildRules = (
			);
			dependencies = (
			);
			name = SwiftDux;
			productName = SwiftDux;
			productReference = 625E66831C1FF97E0027C288 /* SwiftDux.framework */;
			productType = "com.apple.product-type.framework";
		};
		625E66991C1FFA3C0027C288 /* SwiftDuxTests */ = {
			isa = PBXNativeTarget;
			buildConfigurationList = 625E66A21C1FFA3C0027C288 /* Build configuration list for PBXNativeTarget "SwiftDuxTests" */;
			buildPhases = (
				625E66961C1FFA3C0027C288 /* Sources */,
				625E66971C1FFA3C0027C288 /* Frameworks */,
			);
			buildRules = (
			);
			dependencies = (
				CAE3C508297DBECE004F6D84 /* PBXTargetDependency */,
				CAE3C50A297DBECE004F6D84 /* PBXTargetDependency */,
				625E66A11C1FFA3C0027C288 /* PBXTargetDependency */,
				CA0B17A9220CF8C80059C8C3 /* PBXTargetDependency */,
			);
			name = SwiftDuxTests;
			packageProductDependencies = (
				CA4BDFB82776B5AF0078D00D /* Nimble */,
				CA4BDFBB2776B5CA0078D00D /* Quick */,
			);
			productName = SwiftDuxTests;
			productReference = 625E669A1C1FFA3C0027C288 /* SwiftDuxTests.xctest */;
			productType = "com.apple.product-type.bundle.unit-test";
		};
		CA0B179A220CF5790059C8C3 /* SwiftDuxTestComponents */ = {
			isa = PBXNativeTarget;
			buildConfigurationList = CA0B17A0220CF5790059C8C3 /* Build configuration list for PBXNativeTarget "SwiftDuxTestComponents" */;
			buildPhases = (
				CA0B1796220CF5790059C8C3 /* Headers */,
				CA0B1797220CF5790059C8C3 /* Sources */,
			);
			buildRules = (
			);
			dependencies = (
				CA0B17A7220CF8BE0059C8C3 /* PBXTargetDependency */,
			);
			name = SwiftDuxTestComponents;
			productName = "SwiftDux-iOSTestComponents";
			productReference = CA0B179B220CF5790059C8C3 /* SwiftDuxTestComponents.framework */;
			productType = "com.apple.product-type.framework";
		};
/* End PBXNativeTarget section */

/* Begin PBXProject section */
		625E667A1C1FF97E0027C288 /* Project object */ = {
			isa = PBXProject;
			attributes = {
				LastSwiftUpdateCheck = 1140;
				LastUpgradeCheck = 1310;
				ORGANIZATIONNAME = "Justin Peckner";
				TargetAttributes = {
					625E66821C1FF97E0027C288 = {
						CreatedOnToolsVersion = 7.1.1;
						LastSwiftMigration = 1020;
					};
					625E66991C1FFA3C0027C288 = {
						CreatedOnToolsVersion = 7.1.1;
						LastSwiftMigration = 1020;
					};
					CA0B179A220CF5790059C8C3 = {
						CreatedOnToolsVersion = 10.1;
						LastSwiftMigration = 1020;
						ProvisioningStyle = Automatic;
					};
				};
			};
			buildConfigurationList = 625E667D1C1FF97E0027C288 /* Build configuration list for PBXProject "SwiftDux" */;
			compatibilityVersion = "Xcode 3.2";
			developmentRegion = en;
			hasScannedForEncodings = 0;
			knownRegions = (
				Base,
				en,
			);
			mainGroup = 625E66791C1FF97E0027C288;
			packageReferences = (
				CA4BDFB72776B5AF0078D00D /* XCRemoteSwiftPackageReference "Nimble" */,
				CA4BDFBA2776B5CA0078D00D /* XCRemoteSwiftPackageReference "Quick" */,
			);
			productRefGroup = 625E66841C1FF97E0027C288 /* Products */;
			projectDirPath = "";
			projectRoot = "";
			targets = (
				625E66821C1FF97E0027C288 /* SwiftDux */,
				CA0B179A220CF5790059C8C3 /* SwiftDuxTestComponents */,
				625E66991C1FFA3C0027C288 /* SwiftDuxTests */,
			);
		};
/* End PBXProject section */

/* Begin PBXSourcesBuildPhase section */
		625E667E1C1FF97E0027C288 /* Sources */ = {
			isa = PBXSourcesBuildPhase;
			buildActionMask = 2147483647;
			files = (
				CA4BDF8F2776B2310078D00D /* GuaranteedEntityState.swift in Sources */,
				CAEFD774221533EB00E0166B /* SubstatesSubscription.swift in Sources */,
				CAEFD7722215306C00E0166B /* StoreSubscriptionProtocol.swift in Sources */,
				CA4BDF8E2776B2310078D00D /* GuaranteedEntityAction.swift in Sources */,
				625E66BD1C1FFC880027C288 /* Store.swift in Sources */,
				CA4BDF882776B22D0078D00D /* EntityState.swift in Sources */,
				CA4BDF952776B2340078D00D /* IntermediateStepLoadAction.swift in Sources */,
				625E66BC1C1FFC880027C288 /* Action.swift in Sources */,
				CAEE02852223B6ED0017DDE6 /* SubscribableStoreProtocol+Equatable.swift in Sources */,
				259737FD1C2C661100869B8F /* Middleware.swift in Sources */,
				252982EE1C4FD21400281098 /* StoreProtocol.swift in Sources */,
				CA4BDF782776B1C40078D00D /* EntityError.swift in Sources */,
				CAEFD7762215347E00E0166B /* StoreStateSubscription.swift in Sources */,
				625E66BE1C1FFC880027C288 /* Reducer.swift in Sources */,
				CA4BDF772776B1C40078D00D /* EntityLoadBlock.swift in Sources */,
				CA89B87B22B2C70D00CBECE0 /* EquatableKeyPath.swift in Sources */,
				CA4BDF892776B22D0078D00D /* EntityAction.swift in Sources */,
				CA4BDF792776B1C40078D00D /* EquatableError.swift in Sources */,
				CA26364A2204D8810012B60E /* OperationQueue+Current.swift in Sources */,
				625E66BF1C1FFC880027C288 /* StateProtocol.swift in Sources */,
				CA4BDF942776B2340078D00D /* IntermediateStepLoadState.swift in Sources */,
			);
			runOnlyForDeploymentPostprocessing = 0;
		};
		625E66961C1FFA3C0027C288 /* Sources */ = {
			isa = PBXSourcesBuildPhase;
			buildActionMask = 2147483647;
			files = (
				CA39F98E220A0E56006F505A /* StoreSubscriptionNotificationTests.swift in Sources */,
				73F39F341D3EE3C300DFFE62 /* StoreActionDispatchTests.swift in Sources */,
				CA4BDFA12776B2BE0078D00D /* EntityStateTests.swift in Sources */,
				D490BC43203F291800902589 /* StorePerformanceTests.swift in Sources */,
				CA4BDFAD2776B2C80078D00D /* IntermediateStepReducerTests.swift in Sources */,
				CACCF15B221F94730070B8C7 /* SubstateSubscriptionTests.swift in Sources */,
				CA2636472204317B0012B60E /* StoreSubscriptionManagementTests.swift in Sources */,
				CA4BDFA82776B2C30078D00D /* GuaranteedEntityReducerTests.swift in Sources */,
				CA39F98B22092F42006F505A /* StoreStateSubscriptionTests.swift in Sources */,
				CA4BDFA22776B2BE0078D00D /* EntityReducerTests.swift in Sources */,
				259737EA1C2C611600869B8F /* StoreMiddlewareTests.swift in Sources */,
				CA26364D2204D99B0012B60E /* OperationQueue+CurrentTests.swift in Sources */,
				CA4BDFA92776B2C30078D00D /* GuaranteedEntityStateTests.swift in Sources */,
			);
			runOnlyForDeploymentPostprocessing = 0;
		};
		CA0B1797220CF5790059C8C3 /* Sources */ = {
			isa = PBXSourcesBuildPhase;
			buildActionMask = 2147483647;
			files = (
				CA81828426CF5FB7007152B2 /* MockThrowingEntityService.swift in Sources */,
				CA5ECA50245E4BE5007FFE3B /* StubEntity.swift in Sources */,
				CA5ECA4D245E4BE5007FFE3B /* Store+Mock.swift in Sources */,
				CA5ECA4A245E4BE5007FFE3B /* StubAction.swift in Sources */,
				CA5ECA4E245E4BE5007FFE3B /* Subscriber+Mock.swift in Sources */,
				CA5ECA4F245E4BE5007FFE3B /* TestAppAction.swift in Sources */,
				CA5F848B27E78CFE00EEF854 /* Store+Spy.swift in Sources */,
				CA5ECA51245E4BE5007FFE3B /* Subscription+Mock.swift in Sources */,
				CA5F848927E7880300EEF854 /* TestDispatchingStoreProtocol.swift in Sources */,
				CA0B17A5220CF7440059C8C3 /* XCTestCase+Expectations.swift in Sources */,
				CA5ECA52245E4BE5007FFE3B /* TestAppState.swift in Sources */,
				CA81828226CF5FB7007152B2 /* StubGuaranteedEntityState.swift in Sources */,
				CA81828326CF5FB7007152B2 /* StubError.swift in Sources */,
				CA81828126CF5FB7007152B2 /* MockEntityService.swift in Sources */,
			);
			runOnlyForDeploymentPostprocessing = 0;
		};
/* End PBXSourcesBuildPhase section */

/* Begin PBXTargetDependency section */
		625E66A11C1FFA3C0027C288 /* PBXTargetDependency */ = {
			isa = PBXTargetDependency;
			target = 625E66821C1FF97E0027C288 /* SwiftDux */;
			targetProxy = 625E66A01C1FFA3C0027C288 /* PBXContainerItemProxy */;
		};
		CA0B17A7220CF8BE0059C8C3 /* PBXTargetDependency */ = {
			isa = PBXTargetDependency;
			target = 625E66821C1FF97E0027C288 /* SwiftDux */;
			targetProxy = CA0B17A6220CF8BE0059C8C3 /* PBXContainerItemProxy */;
		};
		CA0B17A9220CF8C80059C8C3 /* PBXTargetDependency */ = {
			isa = PBXTargetDependency;
			target = CA0B179A220CF5790059C8C3 /* SwiftDuxTestComponents */;
			targetProxy = CA0B17A8220CF8C80059C8C3 /* PBXContainerItemProxy */;
		};
		CAE3C508297DBECE004F6D84 /* PBXTargetDependency */ = {
			isa = PBXTargetDependency;
			productRef = CAE3C507297DBECE004F6D84 /* Nimble */;
		};
		CAE3C50A297DBECE004F6D84 /* PBXTargetDependency */ = {
			isa = PBXTargetDependency;
			productRef = CAE3C509297DBECE004F6D84 /* Quick */;
		};
/* End PBXTargetDependency section */

/* Begin XCBuildConfiguration section */
		625E66891C1FF97E0027C288 /* Debug */ = {
			isa = XCBuildConfiguration;
			buildSettings = {
				ALWAYS_SEARCH_USER_PATHS = NO;
				CLANG_CXX_LANGUAGE_STANDARD = "gnu++0x";
				CLANG_CXX_LIBRARY = "libc++";
				CLANG_ENABLE_MODULES = YES;
				CLANG_ENABLE_OBJC_ARC = YES;
				CLANG_WARN_BLOCK_CAPTURE_AUTORELEASING = YES;
				CLANG_WARN_BOOL_CONVERSION = YES;
				CLANG_WARN_COMMA = YES;
				CLANG_WARN_CONSTANT_CONVERSION = YES;
				CLANG_WARN_DEPRECATED_OBJC_IMPLEMENTATIONS = YES;
				CLANG_WARN_DIRECT_OBJC_ISA_USAGE = YES_ERROR;
				CLANG_WARN_EMPTY_BODY = YES;
				CLANG_WARN_ENUM_CONVERSION = YES;
				CLANG_WARN_INFINITE_RECURSION = YES;
				CLANG_WARN_INT_CONVERSION = YES;
				CLANG_WARN_NON_LITERAL_NULL_CONVERSION = YES;
				CLANG_WARN_OBJC_IMPLICIT_RETAIN_SELF = YES;
				CLANG_WARN_OBJC_LITERAL_CONVERSION = YES;
				CLANG_WARN_OBJC_ROOT_CLASS = YES_ERROR;
				CLANG_WARN_QUOTED_INCLUDE_IN_FRAMEWORK_HEADER = YES;
				CLANG_WARN_RANGE_LOOP_ANALYSIS = YES;
				CLANG_WARN_STRICT_PROTOTYPES = YES;
				CLANG_WARN_SUSPICIOUS_MOVE = YES;
				CLANG_WARN_UNREACHABLE_CODE = YES;
				CLANG_WARN__DUPLICATE_METHOD_MATCH = YES;
				"CODE_SIGN_IDENTITY[sdk=iphoneos*]" = "iPhone Developer";
				COPY_PHASE_STRIP = NO;
				CURRENT_PROJECT_VERSION = 1;
				DEBUG_INFORMATION_FORMAT = dwarf;
				DEFINES_MODULE = YES;
				ENABLE_STRICT_OBJC_MSGSEND = YES;
				ENABLE_TESTABILITY = YES;
				GCC_C_LANGUAGE_STANDARD = gnu99;
				GCC_DYNAMIC_NO_PIC = NO;
				GCC_NO_COMMON_BLOCKS = YES;
				GCC_OPTIMIZATION_LEVEL = 0;
				GCC_PREPROCESSOR_DEFINITIONS = (
					"DEBUG=1",
					"$(inherited)",
				);
				GCC_WARN_64_TO_32_BIT_CONVERSION = YES;
				GCC_WARN_ABOUT_RETURN_TYPE = YES_ERROR;
				GCC_WARN_UNDECLARED_SELECTOR = YES;
				GCC_WARN_UNINITIALIZED_AUTOS = YES_AGGRESSIVE;
				GCC_WARN_UNUSED_FUNCTION = YES;
				GCC_WARN_UNUSED_VARIABLE = YES;
				INFOPLIST_FILE = SwiftDux/Info.plist;
				IPHONEOS_DEPLOYMENT_TARGET = 12.0;
				MTL_ENABLE_DEBUG_INFO = YES;
				ONLY_ACTIVE_ARCH = YES;
				SDKROOT = iphoneos;
				SWIFT_OPTIMIZATION_LEVEL = "-Onone";
				SWIFT_SWIFT3_OBJC_INFERENCE = Off;
				SWIFT_VERSION = 4.2;
				TARGETED_DEVICE_FAMILY = "1,2";
				VERSIONING_SYSTEM = "apple-generic";
				VERSION_INFO_PREFIX = "";
			};
			name = Debug;
		};
		625E668A1C1FF97E0027C288 /* Release */ = {
			isa = XCBuildConfiguration;
			buildSettings = {
				ALWAYS_SEARCH_USER_PATHS = NO;
				CLANG_CXX_LANGUAGE_STANDARD = "gnu++0x";
				CLANG_CXX_LIBRARY = "libc++";
				CLANG_ENABLE_MODULES = YES;
				CLANG_ENABLE_OBJC_ARC = YES;
				CLANG_WARN_BLOCK_CAPTURE_AUTORELEASING = YES;
				CLANG_WARN_BOOL_CONVERSION = YES;
				CLANG_WARN_COMMA = YES;
				CLANG_WARN_CONSTANT_CONVERSION = YES;
				CLANG_WARN_DEPRECATED_OBJC_IMPLEMENTATIONS = YES;
				CLANG_WARN_DIRECT_OBJC_ISA_USAGE = YES_ERROR;
				CLANG_WARN_EMPTY_BODY = YES;
				CLANG_WARN_ENUM_CONVERSION = YES;
				CLANG_WARN_INFINITE_RECURSION = YES;
				CLANG_WARN_INT_CONVERSION = YES;
				CLANG_WARN_NON_LITERAL_NULL_CONVERSION = YES;
				CLANG_WARN_OBJC_IMPLICIT_RETAIN_SELF = YES;
				CLANG_WARN_OBJC_LITERAL_CONVERSION = YES;
				CLANG_WARN_OBJC_ROOT_CLASS = YES_ERROR;
				CLANG_WARN_QUOTED_INCLUDE_IN_FRAMEWORK_HEADER = YES;
				CLANG_WARN_RANGE_LOOP_ANALYSIS = YES;
				CLANG_WARN_STRICT_PROTOTYPES = YES;
				CLANG_WARN_SUSPICIOUS_MOVE = YES;
				CLANG_WARN_UNREACHABLE_CODE = YES;
				CLANG_WARN__DUPLICATE_METHOD_MATCH = YES;
				"CODE_SIGN_IDENTITY[sdk=iphoneos*]" = "iPhone Developer";
				COPY_PHASE_STRIP = NO;
				CURRENT_PROJECT_VERSION = 1;
				DEBUG_INFORMATION_FORMAT = "dwarf-with-dsym";
				DEFINES_MODULE = YES;
				ENABLE_NS_ASSERTIONS = NO;
				ENABLE_STRICT_OBJC_MSGSEND = YES;
				GCC_C_LANGUAGE_STANDARD = gnu99;
				GCC_NO_COMMON_BLOCKS = YES;
				GCC_WARN_64_TO_32_BIT_CONVERSION = YES;
				GCC_WARN_ABOUT_RETURN_TYPE = YES_ERROR;
				GCC_WARN_UNDECLARED_SELECTOR = YES;
				GCC_WARN_UNINITIALIZED_AUTOS = YES_AGGRESSIVE;
				GCC_WARN_UNUSED_FUNCTION = YES;
				GCC_WARN_UNUSED_VARIABLE = YES;
				INFOPLIST_FILE = SwiftDux/Info.plist;
				IPHONEOS_DEPLOYMENT_TARGET = 12.0;
				MTL_ENABLE_DEBUG_INFO = NO;
				SDKROOT = iphoneos;
				SWIFT_COMPILATION_MODE = wholemodule;
				SWIFT_OPTIMIZATION_LEVEL = "-O";
				SWIFT_SWIFT3_OBJC_INFERENCE = Off;
				SWIFT_VERSION = 4.2;
				TARGETED_DEVICE_FAMILY = "1,2";
				VALIDATE_PRODUCT = YES;
				VERSIONING_SYSTEM = "apple-generic";
				VERSION_INFO_PREFIX = "";
			};
			name = Release;
		};
		625E668C1C1FF97E0027C288 /* Debug */ = {
			isa = XCBuildConfiguration;
			buildSettings = {
				APPLICATION_EXTENSION_API_ONLY = YES;
				CLANG_ENABLE_MODULES = YES;
				"CODE_SIGN_IDENTITY[sdk=iphoneos*]" = "";
				DEFINES_MODULE = YES;
				DYLIB_COMPATIBILITY_VERSION = 1;
				DYLIB_CURRENT_VERSION = 1;
				DYLIB_INSTALL_NAME_BASE = "@rpath";
				INFOPLIST_FILE = SwiftDux/Info.plist;
				INSTALL_PATH = "$(LOCAL_LIBRARY_DIR)/Frameworks";
				LD_RUNPATH_SEARCH_PATHS = (
					"$(inherited)",
					"@executable_path/Frameworks",
					"@loader_path/Frameworks",
				);
				MARKETING_VERSION = 1.1.5;
				PRODUCT_NAME = SwiftDux;
				SKIP_INSTALL = YES;
				SWIFT_OPTIMIZATION_LEVEL = "-Onone";
				SWIFT_VERSION = 5.0;
			};
			name = Debug;
		};
		625E668D1C1FF97E0027C288 /* Release */ = {
			isa = XCBuildConfiguration;
			buildSettings = {
				APPLICATION_EXTENSION_API_ONLY = YES;
				CLANG_ENABLE_MODULES = YES;
				"CODE_SIGN_IDENTITY[sdk=iphoneos*]" = "";
				DEFINES_MODULE = YES;
				DYLIB_COMPATIBILITY_VERSION = 1;
				DYLIB_CURRENT_VERSION = 1;
				DYLIB_INSTALL_NAME_BASE = "@rpath";
				INFOPLIST_FILE = SwiftDux/Info.plist;
				INSTALL_PATH = "$(LOCAL_LIBRARY_DIR)/Frameworks";
				LD_RUNPATH_SEARCH_PATHS = (
					"$(inherited)",
					"@executable_path/Frameworks",
					"@loader_path/Frameworks",
				);
				MARKETING_VERSION = 1.1.5;
				PRODUCT_NAME = SwiftDux;
				SKIP_INSTALL = YES;
				SWIFT_COMPILATION_MODE = wholemodule;
				SWIFT_OPTIMIZATION_LEVEL = "-O";
				SWIFT_VERSION = 5.0;
			};
			name = Release;
		};
		625E66A31C1FFA3C0027C288 /* Debug */ = {
			isa = XCBuildConfiguration;
			buildSettings = {
				CLANG_ENABLE_MODULES = YES;
				INFOPLIST_FILE = SwiftDuxTests/Info.plist;
				LD_RUNPATH_SEARCH_PATHS = (
					"$(inherited)",
					"@executable_path/Frameworks",
					"@loader_path/Frameworks",
				);
				PRODUCT_BUNDLE_IDENTIFIER = com.justinpeckner.SwiftDuxTests;
				PRODUCT_NAME = SwiftDuxTests;
				SWIFT_OBJC_BRIDGING_HEADER = "";
				SWIFT_OPTIMIZATION_LEVEL = "-Onone";
				SWIFT_VERSION = 5.0;
			};
			name = Debug;
		};
		625E66A41C1FFA3C0027C288 /* Release */ = {
			isa = XCBuildConfiguration;
			buildSettings = {
				CLANG_ENABLE_MODULES = YES;
				INFOPLIST_FILE = SwiftDuxTests/Info.plist;
				LD_RUNPATH_SEARCH_PATHS = (
					"$(inherited)",
					"@executable_path/Frameworks",
					"@loader_path/Frameworks",
				);
				PRODUCT_BUNDLE_IDENTIFIER = com.justinpeckner.SwiftDuxTests;
				PRODUCT_NAME = SwiftDuxTests;
				SWIFT_OBJC_BRIDGING_HEADER = "";
				SWIFT_VERSION = 5.0;
			};
			name = Release;
		};
		CA0B17A1220CF5790059C8C3 /* Debug */ = {
			isa = XCBuildConfiguration;
			buildSettings = {
				CLANG_ANALYZER_NONNULL = YES;
				CLANG_ANALYZER_NUMBER_OBJECT_CONVERSION = YES_AGGRESSIVE;
				CLANG_CXX_LANGUAGE_STANDARD = "gnu++14";
				CLANG_ENABLE_OBJC_WEAK = YES;
				CLANG_WARN_DOCUMENTATION_COMMENTS = YES;
				CLANG_WARN_UNGUARDED_AVAILABILITY = YES_AGGRESSIVE;
				CODE_SIGN_IDENTITY = "";
				CODE_SIGN_STYLE = Automatic;
				DEFINES_MODULE = YES;
				DYLIB_COMPATIBILITY_VERSION = 1;
				DYLIB_CURRENT_VERSION = 1;
				DYLIB_INSTALL_NAME_BASE = "@rpath";
				ENABLE_BITCODE = NO;
				FRAMEWORK_SEARCH_PATHS = (
					"$(DEVELOPER_FRAMEWORKS_DIR)",
					"$(PLATFORM_DIR)/Developer/Library/Frameworks",
				);
				GCC_C_LANGUAGE_STANDARD = gnu11;
				INFOPLIST_FILE = SwiftDuxTestComponents/Info.plist;
				INSTALL_PATH = "$(LOCAL_LIBRARY_DIR)/Frameworks";
				LD_RUNPATH_SEARCH_PATHS = (
					"$(inherited)",
					"@executable_path/Frameworks",
					"@loader_path/Frameworks",
				);
				MARKETING_VERSION = 1.1.5;
				MTL_ENABLE_DEBUG_INFO = INCLUDE_SOURCE;
				MTL_FAST_MATH = YES;
				OTHER_LDFLAGS = (
					"-weak_framework",
					XCTest,
					"-weak-lXCTestSwiftSupport",
				);
				PRODUCT_BUNDLE_IDENTIFIER = com.justinpeckner.SwiftDuxTestComponents;
				PRODUCT_NAME = SwiftDuxTestComponents;
				SKIP_INSTALL = YES;
				SWIFT_ACTIVE_COMPILATION_CONDITIONS = DEBUG;
				SWIFT_VERSION = 5.0;
			};
			name = Debug;
		};
		CA0B17A2220CF5790059C8C3 /* Release */ = {
			isa = XCBuildConfiguration;
			buildSettings = {
				CLANG_ANALYZER_NONNULL = YES;
				CLANG_ANALYZER_NUMBER_OBJECT_CONVERSION = YES_AGGRESSIVE;
				CLANG_CXX_LANGUAGE_STANDARD = "gnu++14";
				CLANG_ENABLE_OBJC_WEAK = YES;
				CLANG_WARN_DOCUMENTATION_COMMENTS = YES;
				CLANG_WARN_UNGUARDED_AVAILABILITY = YES_AGGRESSIVE;
				CODE_SIGN_IDENTITY = "";
				CODE_SIGN_STYLE = Automatic;
				DEFINES_MODULE = YES;
				DYLIB_COMPATIBILITY_VERSION = 1;
				DYLIB_CURRENT_VERSION = 1;
				DYLIB_INSTALL_NAME_BASE = "@rpath";
				ENABLE_BITCODE = NO;
				FRAMEWORK_SEARCH_PATHS = (
					"$(DEVELOPER_FRAMEWORKS_DIR)",
					"$(PLATFORM_DIR)/Developer/Library/Frameworks",
				);
				GCC_C_LANGUAGE_STANDARD = gnu11;
				INFOPLIST_FILE = SwiftDuxTestComponents/Info.plist;
				INSTALL_PATH = "$(LOCAL_LIBRARY_DIR)/Frameworks";
				LD_RUNPATH_SEARCH_PATHS = (
					"$(inherited)",
					"@executable_path/Frameworks",
					"@loader_path/Frameworks",
				);
				MARKETING_VERSION = 1.1.5;
				MTL_FAST_MATH = YES;
				OTHER_LDFLAGS = (
					"-weak_framework",
					XCTest,
					"-weak-lXCTestSwiftSupport",
				);
				PRODUCT_BUNDLE_IDENTIFIER = com.justinpeckner.SwiftDuxTestComponents;
				PRODUCT_NAME = SwiftDuxTestComponents;
				SKIP_INSTALL = YES;
				SWIFT_VERSION = 5.0;
			};
			name = Release;
		};
/* End XCBuildConfiguration section */

/* Begin XCConfigurationList section */
		625E667D1C1FF97E0027C288 /* Build configuration list for PBXProject "SwiftDux" */ = {
			isa = XCConfigurationList;
			buildConfigurations = (
				625E66891C1FF97E0027C288 /* Debug */,
				625E668A1C1FF97E0027C288 /* Release */,
			);
			defaultConfigurationIsVisible = 0;
			defaultConfigurationName = Release;
		};
		625E668B1C1FF97E0027C288 /* Build configuration list for PBXNativeTarget "SwiftDux" */ = {
			isa = XCConfigurationList;
			buildConfigurations = (
				625E668C1C1FF97E0027C288 /* Debug */,
				625E668D1C1FF97E0027C288 /* Release */,
			);
			defaultConfigurationIsVisible = 0;
			defaultConfigurationName = Release;
		};
		625E66A21C1FFA3C0027C288 /* Build configuration list for PBXNativeTarget "SwiftDuxTests" */ = {
			isa = XCConfigurationList;
			buildConfigurations = (
				625E66A31C1FFA3C0027C288 /* Debug */,
				625E66A41C1FFA3C0027C288 /* Release */,
			);
			defaultConfigurationIsVisible = 0;
			defaultConfigurationName = Release;
		};
		CA0B17A0220CF5790059C8C3 /* Build configuration list for PBXNativeTarget "SwiftDuxTestComponents" */ = {
			isa = XCConfigurationList;
			buildConfigurations = (
				CA0B17A1220CF5790059C8C3 /* Debug */,
				CA0B17A2220CF5790059C8C3 /* Release */,
			);
			defaultConfigurationIsVisible = 0;
			defaultConfigurationName = Release;
		};
/* End XCConfigurationList section */

/* Begin XCRemoteSwiftPackageReference section */
		CA4BDFB72776B5AF0078D00D /* XCRemoteSwiftPackageReference "Nimble" */ = {
			isa = XCRemoteSwiftPackageReference;
			repositoryURL = "https://github.com/Quick/Nimble.git";
			requirement = {
				kind = upToNextMajorVersion;
				minimumVersion = 9.2.1;
			};
		};
		CA4BDFBA2776B5CA0078D00D /* XCRemoteSwiftPackageReference "Quick" */ = {
			isa = XCRemoteSwiftPackageReference;
			repositoryURL = "https://github.com/Quick/Quick.git";
			requirement = {
				kind = upToNextMajorVersion;
				minimumVersion = 4.0.0;
			};
		};
/* End XCRemoteSwiftPackageReference section */

/* Begin XCSwiftPackageProductDependency section */
		CA4BDFB82776B5AF0078D00D /* Nimble */ = {
			isa = XCSwiftPackageProductDependency;
			package = CA4BDFB72776B5AF0078D00D /* XCRemoteSwiftPackageReference "Nimble" */;
			productName = Nimble;
		};
		CA4BDFBB2776B5CA0078D00D /* Quick */ = {
			isa = XCSwiftPackageProductDependency;
			package = CA4BDFBA2776B5CA0078D00D /* XCRemoteSwiftPackageReference "Quick" */;
			productName = Quick;
		};
		CAE3C507297DBECE004F6D84 /* Nimble */ = {
			isa = XCSwiftPackageProductDependency;
			package = CA4BDFB72776B5AF0078D00D /* XCRemoteSwiftPackageReference "Nimble" */;
			productName = Nimble;
		};
		CAE3C509297DBECE004F6D84 /* Quick */ = {
			isa = XCSwiftPackageProductDependency;
			package = CA4BDFBA2776B5CA0078D00D /* XCRemoteSwiftPackageReference "Quick" */;
			productName = Quick;
		};
/* End XCSwiftPackageProductDependency section */
	};
	rootObject = 625E667A1C1FF97E0027C288 /* Project object */;
}
